{
  "nodes": {
    "darwin": {
      "inputs": {
        "nixpkgs": [
          "nixpkgs-darwin"
        ]
      },
      "locked": {
        "lastModified": 1781190061,
        "narHash": "sha256-QRMpLbsmlciMGv4yx75FUoIl54K02JbIX1tgdPHPw1s=",
        "owner": "nix-darwin",
        "repo": "nix-darwin",
        "rev": "f2b3fdb347f91dfd344ad196666a0b0fe8aad05c",
        "type": "github"
      },
      "original": {
        "owner": "nix-darwin",
        "ref": "nix-darwin-26.05",
        "repo": "nix-darwin",
        "type": "github"
      }
    },
    "flake-utils": {
      "inputs": {
        "systems": "systems"
      },
      "locked": {
        "lastModified": 1731533236,
        "narHash": "sha256-l0KFg5HjrsfsO/JpG+r7fRrqm12kzFHyUHqHCVpMMbI=",
        "owner": "numtide",
        "repo": "flake-utils",
        "rev": "11707dc2f618dd54ca8739b309ec4fc024de578b",
        "type": "github"
      },
      "original": {
        "owner": "numtide",
        "repo": "flake-utils",
        "type": "github"
      }
    },
    "home-manager-darwin": {
      "inputs": {
        "nixpkgs": [
          "nixpkgs-darwin"
        ]
      },
      "locked": {
        "lastModified": 1781319724,
        "narHash": "sha256-ZGuxexEMo4Xv28KJ0dX/m/PHN4oZIOnxHZpNTyrvx4M=",
        "owner": "nix-community",
        "repo": "home-manager",
        "rev": "8355f0a16b2dbb06a97959a918af5b239bbe05ae",
        "type": "github"
      },
      "original": {
        "owner": "nix-community",
        "ref": "release-26.05",
        "repo": "home-manager",
        "type": "github"
      }
    },
    "home-manager-nixos": {
      "inputs": {
        "nixpkgs": [
          "nixpkgs-nixos"
        ]
      },
      "locked": {
        "lastModified": 1781319724,
        "narHash": "sha256-ZGuxexEMo4Xv28KJ0dX/m/PHN4oZIOnxHZpNTyrvx4M=",
        "owner": "nix-community",
        "repo": "home-manager",
        "rev": "8355f0a16b2dbb06a97959a918af5b239bbe05ae",
        "type": "github"
      },
      "original": {
        "owner": "nix-community",
        "ref": "release-26.05",
        "repo": "home-manager",
        "type": "github"
      }
    },
    "lazyvim": {
      "inputs": {
        "flake-utils": "flake-utils",
        "nixpkgs": "nixpkgs"
      },
      "locked": {
        "lastModified": 1780596270,
        "narHash": "sha256-2nu8r7PjYRkn+gWMptZnmE1JE9L3eMBizXEXkY5KIBc=",
        "owner": "pfassina",
        "repo": "lazyvim-nix",
        "rev": "5397d6bbeae7405eb4efb350e655f98af050fbc6",
        "type": "github"
      },
      "original": {
        "owner": "pfassina",
        "repo": "lazyvim-nix",
        "type": "github"
      }
    },
    "nixpkgs": {
      "locked": {
        "lastModified": 1752480373,
        "narHash": "sha256-JHQbm+OcGp32wAsXTE/FLYGNpb+4GLi5oTvCxwSoBOA=",
        "owner": "NixOS",
        "repo": "nixpkgs",
        "rev": "62e0f05ede1da0d54515d4ea8ce9c733f12d9f08",
        "type": "github"
      },
      "original": {
        "owner": "NixOS",
        "ref": "nixos-unstable",
        "repo": "nixpkgs",
        "type": "github"
      }
    },
    "nixpkgs-darwin": {
      "locked": {
        "lastModified": 1781236690,
        "narHash": "sha256-ox8n9kxKUnMP2Q9sq2NWul2lOUzNFwlvlCVtH4hP0hY=",
        "owner": "NixOS",
        "repo": "nixpkgs",
        "rev": "b5e61da309336bdba24f964dce712a5ab8e0092e",
        "type": "github"
      },
      "original": {
        "owner": "NixOS",
        "ref": "nixpkgs-26.05-darwin",
        "repo": "nixpkgs",
        "type": "github"
      }
    },
    "nixpkgs-nixos": {
      "locked": {
        "lastModified": 1780902259,
        "narHash": "sha256-q8yYEC5f1mFlQO9RGna4LTc9QrcvWunX6FYp83munkQ=",
        "owner": "NixOS",
        "repo": "nixpkgs",
        "rev": "bd0ff2d3eac24699c3664d5966b9ef36f388e2ca",
        "type": "github"
      },
      "original": {
        "owner": "NixOS",
        "ref": "nixos-26.05",
        "repo": "nixpkgs",
        "type": "github"
      }
    },
    "nixpkgs-unstable": {
      "locked": {
        "lastModified": 1780749050,
        "narHash": "sha256-3av0pIjlOWQ6rDbNOmpUSvbNnJkGORQKKjb4LtCZsIY=",
        "owner": "NixOS",
        "repo": "nixpkgs",
        "rev": "a799d3e3886da994fa307f817a6bc705ae538eeb",
        "type": "github"
      },
      "original": {
        "owner": "NixOS",
        "ref": "nixos-unstable",
        "repo": "nixpkgs",
        "type": "github"
      }
    },
    "nixpkgs_2": {
      "locked": {
        "lastModified": 1779560665,
        "narHash": "sha256-tpyBcxPpcQb8ukyNF7DoCwfSY3VPsxHoYwj00Cayv5o=",
        "owner": "NixOS",
        "repo": "nixpkgs",
        "rev": "64c08a7ca051951c8eae34e3e3cb1e202fe36786",
        "type": "github"
      },
      "original": {
        "owner": "NixOS",
        "ref": "nixos-unstable",
        "repo": "nixpkgs",
        "type": "github"
      }
    },
    "opendeck-nix": {
      "inputs": {
        "nixpkgs": "nixpkgs_2"
      },
      "locked": {
        "lastModified": 1780184505,
        "narHash": "sha256-sCN7HPuFbN+C8AS+3Kh1L99JNUQzSQR4DX8mAqtruYo=",
        "owner": "Kitt3120",
        "repo": "opendeck-nix",
        "rev": "7fa03f15716aa22d0a0c3bf18124b723bd0bfa23",
        "type": "github"
      },
      "original": {
        "owner": "Kitt3120",
        "repo": "opendeck-nix",
        "type": "github"
      }
    },
    "opendeck-teams-for-linux": {
      "inputs": {
        "nixpkgs": [
          "nixpkgs-nixos"
        ]
      },
      "locked": {
        "lastModified": 1780891872,
        "narHash": "sha256-whdDQ9HV/vs2TZp7ATNv0DQ6F6pXm/186fL7g7GKzAY=",
        "owner": "geoffdavis",
        "repo": "opendeck-teams-for-linux",
        "rev": "8ec632c28a29366afae66386eb621ae8c926080a",
        "type": "github"
      },
      "original": {
        "owner": "geoffdavis",
        "repo": "opendeck-teams-for-linux",
        "type": "github"
      }
    },
    "root": {
      "inputs": {
        "darwin": "darwin",
        "home-manager-darwin": "home-manager-darwin",
        "home-manager-nixos": "home-manager-nixos",
        "lazyvim": "lazyvim",
        "nixpkgs-darwin": "nixpkgs-darwin",
        "nixpkgs-nixos": "nixpkgs-nixos",
        "nixpkgs-unstable": "nixpkgs-unstable",
        "opendeck-nix": "opendeck-nix",
        "opendeck-teams-for-linux": "opendeck-teams-for-linux"
      }
    },
    "systems": {
      "locked": {
        "lastModified": 1681028828,
        "narHash": "sha256-Vy1rq5AaRuLzOxct8nz4T6wlgyUR7zLU309k9mBC768=",
        "owner": "nix-systems",
        "repo": "default",
        "rev": "da67096a3b9bf56a91d16901293e51ba5b49a27e",
        "type": "github"
      },
      "original": {
        "owner": "nix-systems",
        "repo": "default",
        "type": "github"
      }
    }
  },
  "root": "root",
  "version": 7
}
